
Microsoft Visual Studio Solution File, Format Version 12.00
# Visual Studio Version 17
VisualStudioVersion = 17.0.31919.166
MinimumVisualStudioVersion = 10.0.40219.1
Project("{9A19103F-16F7-4668-BE54-9A1E7A4F7556}") = "TestplanApi", "TestplanApi\TestplanApi.csproj", "{412BAEBB-685E-4591-B830-57A33D28A58D}"
EndProject
Project("{9A19103F-16F7-4668-BE54-9A1E7A4F7556}") = "TestplanLib", "TestplanExample\TestplanLib.csproj", "{26CB7660-E668-47EE-B4FD-D21684F2A72B}"
EndProject
Project("{9A19103F-16F7-4668-BE54-9A1E7A4F7556}") = "TestplanTests", "TestProject1\TestplanTests.csproj", "{D57E4F28-FF36-4C34-805D-E97C4505F4E3}"
EndProject
Global
	GlobalSection(SolutionConfigurationPlatforms) = preSolution
		Debug|Any CPU = Debug|Any CPU
		Release|Any CPU = Release|Any CPU
	EndGlobalSection
	GlobalSection(ProjectConfigurationPlatforms) = postSolution
		{412BAEBB-685E-4591-B830-57A33D28A58D}.Debug|Any CPU.ActiveCfg = Debug|Any CPU
		{412BAEBB-685E-4591-B830-57A33D28A58D}.Debug|Any CPU.Build.0 = Debug|Any CPU
		{412BAEBB-685E-4591-B830-57A33D28A58D}.Release|Any CPU.ActiveCfg = Release|Any CPU
		{412BAEBB-685E-4591-B830-57A33D28A58D}.Release|Any CPU.Build.0 = Release|Any CPU
		{26CB7660-E668-47EE-B4FD-D21684F2A72B}.Debug|Any CPU.ActiveCfg = Debug|Any CPU
		{26CB7660-E668-47EE-B4FD-D21684F2A72B}.Debug|Any CPU.Build.0 = Debug|Any CPU
		{26CB7660-E668-47EE-B4FD-D21684F2A72B}.Release|Any CPU.ActiveCfg = Release|Any CPU
		{26CB7660-E668-47EE-B4FD-D21684F2A72B}.Release|Any CPU.Build.0 = Release|Any CPU
		{D57E4F28-FF36-4C34-805D-E97C4505F4E3}.Debug|Any CPU.ActiveCfg = Debug|Any CPU
		{D57E4F28-FF36-4C34-805D-E97C4505F4E3}.Debug|Any CPU.Build.0 = Debug|Any CPU
		{D57E4F28-FF36-4C34-805D-E97C4505F4E3}.Release|Any CPU.ActiveCfg = Release|Any CPU
		{D57E4F28-FF36-4C34-805D-E97C4505F4E3}.Release|Any CPU.Build.0 = Release|Any CPU
	EndGlobalSection
	GlobalSection(SolutionProperties) = preSolution
		HideSolutionNode = FALSE
	EndGlobalSection
	GlobalSection(ExtensibilityGlobals) = postSolution
		SolutionGuid = {D72C97EC-87D2-4142-B1F6-5DEF85A9AA21}
	EndGlobalSection
EndGlobal
